
Microsoft Visual Studio Solution File, Format Version 12.00
# Visual Studio Version 17
VisualStudioVersion = 17.11.35219.272
MinimumVisualStudioVersion = 10.0.40219.1
Project("{9A19103F-16F7-4668-BE54-9A1E7A4F7556}") = "HexedSceneryMobileApp", "HexedSceneryMobileApp\HexedSceneryMobileApp.csproj", "{106E5491-3209-448B-A72E-4FF27A48A371}"
EndProject
Project("{FAE04EC0-301F-11D3-BF4B-00C04F79EFBC}") = "HexedSceneryDataTests", "HexedSceneryDataTests\HexedSceneryDataTests.csproj", "{CC2642CE-1405-46AA-BD96-6CE73F45B7F0}"
EndProject
Project("{9A19103F-16F7-4668-BE54-9A1E7A4F7556}") = "HexedSceneryApiClient", "HexedSceneryApiClient\HexedSceneryApiClient.csproj", "{BED9CDBC-51AC-4003-9214-361FAC5646B6}"
EndProject
Global
	GlobalSection(SolutionConfigurationPlatforms) = preSolution
		Debug|Any CPU = Debug|Any CPU
		Release|Any CPU = Release|Any CPU
	EndGlobalSection
	GlobalSection(ProjectConfigurationPlatforms) = postSolution
		{106E5491-3209-448B-A72E-4FF27A48A371}.Debug|Any CPU.ActiveCfg = Debug|Any CPU
		{106E5491-3209-448B-A72E-4FF27A48A371}.Debug|Any CPU.Build.0 = Debug|Any CPU
		{106E5491-3209-448B-A72E-4FF27A48A371}.Debug|Any CPU.Deploy.0 = Debug|Any CPU
		{106E5491-3209-448B-A72E-4FF27A48A371}.Release|Any CPU.ActiveCfg = Release|Any CPU
		{106E5491-3209-448B-A72E-4FF27A48A371}.Release|Any CPU.Build.0 = Release|Any CPU
		{106E5491-3209-448B-A72E-4FF27A48A371}.Release|Any CPU.Deploy.0 = Release|Any CPU
		{CC2642CE-1405-46AA-BD96-6CE73F45B7F0}.Debug|Any CPU.ActiveCfg = Debug|Any CPU
		{CC2642CE-1405-46AA-BD96-6CE73F45B7F0}.Debug|Any CPU.Build.0 = Debug|Any CPU
		{CC2642CE-1405-46AA-BD96-6CE73F45B7F0}.Release|Any CPU.ActiveCfg = Release|Any CPU
		{CC2642CE-1405-46AA-BD96-6CE73F45B7F0}.Release|Any CPU.Build.0 = Release|Any CPU
		{BED9CDBC-51AC-4003-9214-361FAC5646B6}.Debug|Any CPU.ActiveCfg = Debug|Any CPU
		{BED9CDBC-51AC-4003-9214-361FAC5646B6}.Debug|Any CPU.Build.0 = Debug|Any CPU
		{BED9CDBC-51AC-4003-9214-361FAC5646B6}.Release|Any CPU.ActiveCfg = Release|Any CPU
		{BED9CDBC-51AC-4003-9214-361FAC5646B6}.Release|Any CPU.Build.0 = Release|Any CPU
	EndGlobalSection
	GlobalSection(SolutionProperties) = preSolution
		HideSolutionNode = FALSE
	EndGlobalSection
	GlobalSection(ExtensibilityGlobals) = postSolution
		SolutionGuid = {75FE3E00-AA9D-4AF7-A3E9-D228D9ED88EE}
	EndGlobalSection
EndGlobal
